
Microsoft Visual Studio Solution File, Format Version 12.00
# Visual Studio Version 16
VisualStudioVersion = 16.0.31129.286
MinimumVisualStudioVersion = 10.0.40219.1
Project("{FAE04EC0-301F-11D3-BF4B-00C04F79EFBC}") = "SetnGetUDAbyList", "SetnGetUDAbyList\SetnGetUDAbyList.csproj", "{378F5650-9484-453D-A5B6-AF3798BEB790}"
EndProject
Global
	GlobalSection(SolutionConfigurationPlatforms) = preSolution
		Debug|Any CPU = Debug|Any CPU
		Release|Any CPU = Release|Any CPU
	EndGlobalSection
	GlobalSection(ProjectConfigurationPlatforms) = postSolution
		{378F5650-9484-453D-A5B6-AF3798BEB790}.Debug|Any CPU.ActiveCfg = Debug|Any CPU
		{378F5650-9484-453D-A5B6-AF3798BEB790}.Debug|Any CPU.Build.0 = Debug|Any CPU
		{378F5650-9484-453D-A5B6-AF3798BEB790}.Release|Any CPU.ActiveCfg = Release|Any CPU
		{378F5650-9484-453D-A5B6-AF3798BEB790}.Release|Any CPU.Build.0 = Release|Any CPU
	EndGlobalSection
	GlobalSection(SolutionProperties) = preSolution
		HideSolutionNode = FALSE
	EndGlobalSection
	GlobalSection(ExtensibilityGlobals) = postSolution
		SolutionGuid = {1A61165E-FF4F-4FEF-9B5C-0E8855707895}
	EndGlobalSection
EndGlobal
